// !$*UTF8*$!
{
	archiveVersion = 1;
	classes = {
	};
	objectVersion = 46;
	objects = {

/* Begin PBXBuildFile section */
		9225EB351A3DCCFC00040BE4 /* main.cpp in Sources */ = {isa = PBXBuildFile; fileRef = 9225EB341A3DCCFC00040BE4 /* main.cpp */; };
/* End PBXBuildFile section */

/* Begin PBXCopyFilesBuildPhase section */
		9225EB2F1A3DCCFC00040BE4 /* CopyFiles */ = {
			isa = PBXCopyFilesBuildPhase;
			buildActionMask = 2147483647;
			dstPath = /usr/share/man/man1/;
			dstSubfolderSpec = 0;
			files = (
			);
			runOnlyForDeploymentPostprocessing = 1;
		};
/* End PBXCopyFilesBuildPhase section */

/* Begin PBXFileReference section */
		9225EB311A3DCCFC00040BE4 /* ZigZag Conversion */ = {isa = PBXFileReference; explicitFileType = "compiled.mach-o.executable"; includeInIndex = 0; path = "ZigZag Conversion"; sourceTree = BUILT_PRODUCTS_DIR; };
		9225EB341A3DCCFC00040BE4 /* main.cpp */ = {isa = PBXFileReference; lastKnownFileType = sourcecode.cpp.cpp; path = main.cpp; sourceTree = "<group>"; };
/* End PBXFileReference section */

/* Begin PBXFrameworksBuildPhase section */
		9225EB2E1A3DCCFC00040BE4 /* Frameworks */ = {
			isa = PBXFrameworksBuildPhase;
			buildActionMask = 2147483647;
			files = (
			);
			runOnlyForDeploymentPostprocessing = 0;
		};
/* End PBXFrameworksBuildPhase section */

/* Begin PBXGroup section */
		9225EB281A3DCCFC00040BE4 = {
			isa = PBXGroup;
			children = (
				9225EB331A3DCCFC00040BE4 /* ZigZag Conversion */,
				9225EB321A3DCCFC00040BE4 /* Products */,
			);
			sourceTree = "<group>";
		};
		9225EB321A3DCCFC00040BE4 /* Products */ = {
			isa = PBXGroup;
			children = (
				9225EB311A3DCCFC00040BE4 /* ZigZag Conversion */,
			);
			name = Products;
			sourceTree = "<group>";
		};
		9225EB331A3DCCFC00040BE4 /* ZigZag Conversion */ = {
			isa = PBXGroup;
			children = (
				9225EB341A3DCCFC00040BE4 /* main.cpp */,
			);
			path = "ZigZag Conversion";
			sourceTree = "<group>";
		};
/* End PBXGroup section */

/* Begin PBXNativeTarget section */
		9225EB301A3DCCFC00040BE4 /* ZigZag Conversion */ = {
			isa = PBXNativeTarget;
			buildConfigurationList = 9225EB381A3DCCFC00040BE4 /* Build configuration list for PBXNativeTarget "ZigZag Conversion" */;
			buildPhases = (
				9225EB2D1A3DCCFC00040BE4 /* Sources */,
				9225EB2E1A3DCCFC00040BE4 /* Frameworks */,
				9225EB2F1A3DCCFC00040BE4 /* CopyFiles */,
			);
			buildRules = (
			);
			dependencies = (
			);
			name = "ZigZag Conversion";
			productName = "ZigZag Conversion";
			productReference = 9225EB311A3DCCFC00040BE4 /* ZigZag Conversion */;
			productType = "com.apple.product-type.tool";
		};
/* End PBXNativeTarget section */

/* Begin PBXProject section */
		9225EB291A3DCCFC00040BE4 /* Project object */ = {
			isa = PBXProject;
			attributes = {
				LastUpgradeCheck = 0600;
				ORGANIZATIONNAME = XTBlock;
				TargetAttributes = {
					9225EB301A3DCCFC00040BE4 = {
						CreatedOnToolsVersion = 6.0;
					};
				};
			};
			buildConfigurationList = 9225EB2C1A3DCCFC00040BE4 /* Build configuration list for PBXProject "ZigZag Conversion" */;
			compatibilityVersion = "Xcode 3.2";
			developmentRegion = English;
			hasScannedForEncodings = 0;
			knownRegions = (
				en,
			);
			mainGroup = 9225EB281A3DCCFC00040BE4;
			productRefGroup = 9225EB321A3DCCFC00040BE4 /* Products */;
			projectDirPath = "";
			projectRoot = "";
			targets = (
				9225EB301A3DCCFC00040BE4 /* ZigZag Conversion */,
			);
		};
/* End PBXProject section */

/* Begin PBXSourcesBuildPhase section */
		9225EB2D1A3DCCFC00040BE4 /* Sources */ = {
			isa = PBXSourcesBuildPhase;
			buildActionMask = 2147483647;
			files = (
				9225EB351A3DCCFC00040BE4 /* main.cpp in Sources */,
			);
			runOnlyForDeploymentPostprocessing = 0;
		};
/* End PBXSourcesBuildPhase section */

/* Begin XCBuildConfiguration section */
		9225EB361A3DCCFC00040BE4 /* Debug */ = {
			isa = XCBuildConfiguration;
			buildSettings = {
				ALWAYS_SEARCH_USER_PATHS = NO;
				CLANG_CXX_LANGUAGE_STANDARD = "gnu++0x";
				CLANG_CXX_LIBRARY = "libc++";
				CLANG_ENABLE_MODULES = YES;
				CLANG_ENABLE_OBJC_ARC = YES;
				CLANG_WARN_BOOL_CONVERSION = YES;
				CLANG_WARN_CONSTANT_CONVERSION = YES;
				CLANG_WARN_DIRECT_OBJC_ISA_USAGE = YES_ERROR;
				CLANG_WARN_EMPTY_BODY = YES;
				CLANG_WARN_ENUM_CONVERSION = YES;
				CLANG_WARN_INT_CONVERSION = YES;
				CLANG_WARN_OBJC_ROOT_CLASS = YES_ERROR;
				CLANG_WARN_UNREACHABLE_CODE = YES;
				CLANG_WARN__DUPLICATE_METHOD_MATCH = YES;
				COPY_PHASE_STRIP = NO;
				ENABLE_STRICT_OBJC_MSGSEND = YES;
				GCC_C_LANGUAGE_STANDARD = gnu99;
				GCC_DYNAMIC_NO_PIC = NO;
				GCC_OPTIMIZATION_LEVEL = 0;
				GCC_PREPROCESSOR_DEFINITIONS = (
					"DEBUG=1",
					"$(inherited)",
				);
				GCC_SYMBOLS_PRIVATE_EXTERN = NO;
				GCC_WARN_64_TO_32_BIT_CONVERSION = YES;
				GCC_WARN_ABOUT_RETURN_TYPE = YES_ERROR;
				GCC_WARN_UNDECLARED_SELECTOR = YES;
				GCC_WARN_UNINITIALIZED_AUTOS = YES_AGGRESSIVE;
				GCC_WARN_UNUSED_FUNCTION = YES;
				GCC_WARN_UNUSED_VARIABLE = YES;
				MACOSX_DEPLOYMENT_TARGET = 10.10;
				MTL_ENABLE_DEBUG_INFO = YES;
				ONLY_ACTIVE_ARCH = YES;
				SDKROOT = macosx;
			};
			name = Debug;
		};
		9225EB371A3DCCFC00040BE4 /* Release */ = {
			isa = XCBuildConfiguration;
			buildSettings = {
				ALWAYS_SEARCH_USER_PATHS = NO;
				CLANG_CXX_LANGUAGE_STANDARD = "gnu++0x";
				CLANG_CXX_LIBRARY = "libc++";
				CLANG_ENABLE_MODULES = YES;
				CLANG_ENABLE_OBJC_ARC = YES;
				CLANG_WARN_BOOL_CONVERSION = YES;
				CLANG_WARN_CONSTANT_CONVERSION = YES;
				CLANG_WARN_DIRECT_OBJC_ISA_USAGE = YES_ERROR;
				CLANG_WARN_EMPTY_BODY = YES;
				CLANG_WARN_ENUM_CONVERSION = YES;
				CLANG_WARN_INT_CONVERSION = YES;
				CLANG_WARN_OBJC_ROOT_CLASS = YES_ERROR;
				CLANG_WARN_UNREACHABLE_CODE = YES;
				CLANG_WARN__DUPLICATE_METHOD_MATCH = YES;
				COPY_PHASE_STRIP = YES;
				DEBUG_INFORMATION_FORMAT = "dwarf-with-dsym";
				ENABLE_NS_ASSERTIONS = NO;
				ENABLE_STRICT_OBJC_MSGSEND = YES;
				GCC_C_LANGUAGE_STANDARD = gnu99;
				GCC_WARN_64_TO_32_BIT_CONVERSION = YES;
				GCC_WARN_ABOUT_RETURN_TYPE = YES_ERROR;
				GCC_WARN_UNDECLARED_SELECTOR = YES;
				GCC_WARN_UNINITIALIZED_AUTOS = YES_AGGRESSIVE;
				GCC_WARN_UNUSED_FUNCTION = YES;
				GCC_WARN_UNUSED_VARIABLE = YES;
				MACOSX_DEPLOYMENT_TARGET = 10.10;
				MTL_ENABLE_DEBUG_INFO = NO;
				SDKROOT = macosx;
			};
			name = Release;
		};
		9225EB391A3DCCFC00040BE4 /* Debug */ = {
			isa = XCBuildConfiguration;
			buildSettings = {
				PRODUCT_NAME = "$(TARGET_NAME)";
			};
			name = Debug;
		};
		9225EB3A1A3DCCFC00040BE4 /* Release */ = {
			isa = XCBuildConfiguration;
			buildSettings = {
				PRODUCT_NAME = "$(TARGET_NAME)";
			};
			name = Release;
		};
/* End XCBuildConfiguration section */

/* Begin XCConfigurationList section */
		9225EB2C1A3DCCFC00040BE4 /* Build configuration list for PBXProject "ZigZag Conversion" */ = {
			isa = XCConfigurationList;
			buildConfigurations = (
				9225EB361A3DCCFC00040BE4 /* Debug */,
				9225EB371A3DCCFC00040BE4 /* Release */,
			);
			defaultConfigurationIsVisible = 0;
			defaultConfigurationName = Release;
		};
		9225EB381A3DCCFC00040BE4 /* Build configuration list for PBXNativeTarget "ZigZag Conversion" */ = {
			isa = XCConfigurationList;
			buildConfigurations = (
				9225EB391A3DCCFC00040BE4 /* Debug */,
				9225EB3A1A3DCCFC00040BE4 /* Release */,
			);
			defaultConfigurationIsVisible = 0;
		};
/* End XCConfigurationList section */
	};
	rootObject = 9225EB291A3DCCFC00040BE4 /* Project object */;
}
