// !$*UTF8*$!
{
	archiveVersion = 1;
	classes = {
	};
	objectVersion = 46;
	objects = {

/* Begin PBXBuildFile section */
		92229EA01A52F25E00117BEC /* main.cpp in Sources */ = {isa = PBXBuildFile; fileRef = 92229E9F1A52F25E00117BEC /* main.cpp */; };
/* End PBXBuildFile section */

/* Begin PBXCopyFilesBuildPhase section */
		92229E9A1A52F25E00117BEC /* CopyFiles */ = {
			isa = PBXCopyFilesBuildPhase;
			buildActionMask = 2147483647;
			dstPath = /usr/share/man/man1/;
			dstSubfolderSpec = 0;
			files = (
			);
			runOnlyForDeploymentPostprocessing = 1;
		};
/* End PBXCopyFilesBuildPhase section */

/* Begin PBXFileReference section */
		92229E9C1A52F25E00117BEC /* Merge Two Sorted Lists */ = {isa = PBXFileReference; explicitFileType = "compiled.mach-o.executable"; includeInIndex = 0; path = "Merge Two Sorted Lists"; sourceTree = BUILT_PRODUCTS_DIR; };
		92229E9F1A52F25E00117BEC /* main.cpp */ = {isa = PBXFileReference; lastKnownFileType = sourcecode.cpp.cpp; path = main.cpp; sourceTree = "<group>"; };
/* End PBXFileReference section */

/* Begin PBXFrameworksBuildPhase section */
		92229E991A52F25E00117BEC /* Frameworks */ = {
			isa = PBXFrameworksBuildPhase;
			buildActionMask = 2147483647;
			files = (
			);
			runOnlyForDeploymentPostprocessing = 0;
		};
/* End PBXFrameworksBuildPhase section */

/* Begin PBXGroup section */
		92229E931A52F25E00117BEC = {
			isa = PBXGroup;
			children = (
				92229E9E1A52F25E00117BEC /* Merge Two Sorted Lists */,
				92229E9D1A52F25E00117BEC /* Products */,
			);
			sourceTree = "<group>";
		};
		92229E9D1A52F25E00117BEC /* Products */ = {
			isa = PBXGroup;
			children = (
				92229E9C1A52F25E00117BEC /* Merge Two Sorted Lists */,
			);
			name = Products;
			sourceTree = "<group>";
		};
		92229E9E1A52F25E00117BEC /* Merge Two Sorted Lists */ = {
			isa = PBXGroup;
			children = (
				92229E9F1A52F25E00117BEC /* main.cpp */,
			);
			path = "Merge Two Sorted Lists";
			sourceTree = "<group>";
		};
/* End PBXGroup section */

/* Begin PBXNativeTarget section */
		92229E9B1A52F25E00117BEC /* Merge Two Sorted Lists */ = {
			isa = PBXNativeTarget;
			buildConfigurationList = 92229EA31A52F25E00117BEC /* Build configuration list for PBXNativeTarget "Merge Two Sorted Lists" */;
			buildPhases = (
				92229E981A52F25E00117BEC /* Sources */,
				92229E991A52F25E00117BEC /* Frameworks */,
				92229E9A1A52F25E00117BEC /* CopyFiles */,
			);
			buildRules = (
			);
			dependencies = (
			);
			name = "Merge Two Sorted Lists";
			productName = "Merge Two Sorted Lists";
			productReference = 92229E9C1A52F25E00117BEC /* Merge Two Sorted Lists */;
			productType = "com.apple.product-type.tool";
		};
/* End PBXNativeTarget section */

/* Begin PBXProject section */
		92229E941A52F25E00117BEC /* Project object */ = {
			isa = PBXProject;
			attributes = {
				LastUpgradeCheck = 0600;
				ORGANIZATIONNAME = XTBlock;
				TargetAttributes = {
					92229E9B1A52F25E00117BEC = {
						CreatedOnToolsVersion = 6.0;
					};
				};
			};
			buildConfigurationList = 92229E971A52F25E00117BEC /* Build configuration list for PBXProject "Merge Two Sorted Lists" */;
			compatibilityVersion = "Xcode 3.2";
			developmentRegion = English;
			hasScannedForEncodings = 0;
			knownRegions = (
				en,
			);
			mainGroup = 92229E931A52F25E00117BEC;
			productRefGroup = 92229E9D1A52F25E00117BEC /* Products */;
			projectDirPath = "";
			projectRoot = "";
			targets = (
				92229E9B1A52F25E00117BEC /* Merge Two Sorted Lists */,
			);
		};
/* End PBXProject section */

/* Begin PBXSourcesBuildPhase section */
		92229E981A52F25E00117BEC /* Sources */ = {
			isa = PBXSourcesBuildPhase;
			buildActionMask = 2147483647;
			files = (
				92229EA01A52F25E00117BEC /* main.cpp in Sources */,
			);
			runOnlyForDeploymentPostprocessing = 0;
		};
/* End PBXSourcesBuildPhase section */

/* Begin XCBuildConfiguration section */
		92229EA11A52F25E00117BEC /* Debug */ = {
			isa = XCBuildConfiguration;
			buildSettings = {
				ALWAYS_SEARCH_USER_PATHS = NO;
				CLANG_CXX_LANGUAGE_STANDARD = "gnu++0x";
				CLANG_CXX_LIBRARY = "libc++";
				CLANG_ENABLE_MODULES = YES;
				CLANG_ENABLE_OBJC_ARC = YES;
				CLANG_WARN_BOOL_CONVERSION = YES;
				CLANG_WARN_CONSTANT_CONVERSION = YES;
				CLANG_WARN_DIRECT_OBJC_ISA_USAGE = YES_ERROR;
				CLANG_WARN_EMPTY_BODY = YES;
				CLANG_WARN_ENUM_CONVERSION = YES;
				CLANG_WARN_INT_CONVERSION = YES;
				CLANG_WARN_OBJC_ROOT_CLASS = YES_ERROR;
				CLANG_WARN_UNREACHABLE_CODE = YES;
				CLANG_WARN__DUPLICATE_METHOD_MATCH = YES;
				COPY_PHASE_STRIP = NO;
				ENABLE_STRICT_OBJC_MSGSEND = YES;
				GCC_C_LANGUAGE_STANDARD = gnu99;
				GCC_DYNAMIC_NO_PIC = NO;
				GCC_OPTIMIZATION_LEVEL = 0;
				GCC_PREPROCESSOR_DEFINITIONS = (
					"DEBUG=1",
					"$(inherited)",
				);
				GCC_SYMBOLS_PRIVATE_EXTERN = NO;
				GCC_WARN_64_TO_32_BIT_CONVERSION = YES;
				GCC_WARN_ABOUT_RETURN_TYPE = YES_ERROR;
				GCC_WARN_UNDECLARED_SELECTOR = YES;
				GCC_WARN_UNINITIALIZED_AUTOS = YES_AGGRESSIVE;
				GCC_WARN_UNUSED_FUNCTION = YES;
				GCC_WARN_UNUSED_VARIABLE = YES;
				MACOSX_DEPLOYMENT_TARGET = 10.10;
				MTL_ENABLE_DEBUG_INFO = YES;
				ONLY_ACTIVE_ARCH = YES;
				SDKROOT = macosx;
			};
			name = Debug;
		};
		92229EA21A52F25E00117BEC /* Release */ = {
			isa = XCBuildConfiguration;
			buildSettings = {
				ALWAYS_SEARCH_USER_PATHS = NO;
				CLANG_CXX_LANGUAGE_STANDARD = "gnu++0x";
				CLANG_CXX_LIBRARY = "libc++";
				CLANG_ENABLE_MODULES = YES;
				CLANG_ENABLE_OBJC_ARC = YES;
				CLANG_WARN_BOOL_CONVERSION = YES;
				CLANG_WARN_CONSTANT_CONVERSION = YES;
				CLANG_WARN_DIRECT_OBJC_ISA_USAGE = YES_ERROR;
				CLANG_WARN_EMPTY_BODY = YES;
				CLANG_WARN_ENUM_CONVERSION = YES;
				CLANG_WARN_INT_CONVERSION = YES;
				CLANG_WARN_OBJC_ROOT_CLASS = YES_ERROR;
				CLANG_WARN_UNREACHABLE_CODE = YES;
				CLANG_WARN__DUPLICATE_METHOD_MATCH = YES;
				COPY_PHASE_STRIP = YES;
				DEBUG_INFORMATION_FORMAT = "dwarf-with-dsym";
				ENABLE_NS_ASSERTIONS = NO;
				ENABLE_STRICT_OBJC_MSGSEND = YES;
				GCC_C_LANGUAGE_STANDARD = gnu99;
				GCC_WARN_64_TO_32_BIT_CONVERSION = YES;
				GCC_WARN_ABOUT_RETURN_TYPE = YES_ERROR;
				GCC_WARN_UNDECLARED_SELECTOR = YES;
				GCC_WARN_UNINITIALIZED_AUTOS = YES_AGGRESSIVE;
				GCC_WARN_UNUSED_FUNCTION = YES;
				GCC_WARN_UNUSED_VARIABLE = YES;
				MACOSX_DEPLOYMENT_TARGET = 10.10;
				MTL_ENABLE_DEBUG_INFO = NO;
				SDKROOT = macosx;
			};
			name = Release;
		};
		92229EA41A52F25E00117BEC /* Debug */ = {
			isa = XCBuildConfiguration;
			buildSettings = {
				PRODUCT_NAME = "$(TARGET_NAME)";
			};
			name = Debug;
		};
		92229EA51A52F25E00117BEC /* Release */ = {
			isa = XCBuildConfiguration;
			buildSettings = {
				PRODUCT_NAME = "$(TARGET_NAME)";
			};
			name = Release;
		};
/* End XCBuildConfiguration section */

/* Begin XCConfigurationList section */
		92229E971A52F25E00117BEC /* Build configuration list for PBXProject "Merge Two Sorted Lists" */ = {
			isa = XCConfigurationList;
			buildConfigurations = (
				92229EA11A52F25E00117BEC /* Debug */,
				92229EA21A52F25E00117BEC /* Release */,
			);
			defaultConfigurationIsVisible = 0;
			defaultConfigurationName = Release;
		};
		92229EA31A52F25E00117BEC /* Build configuration list for PBXNativeTarget "Merge Two Sorted Lists" */ = {
			isa = XCConfigurationList;
			buildConfigurations = (
				92229EA41A52F25E00117BEC /* Debug */,
				92229EA51A52F25E00117BEC /* Release */,
			);
			defaultConfigurationIsVisible = 0;
		};
/* End XCConfigurationList section */
	};
	rootObject = 92229E941A52F25E00117BEC /* Project object */;
}
